
Microsoft Visual Studio Solution File, Format Version 12.00
# Visual Studio Version 17
VisualStudioVersion = 17.5.33627.172
MinimumVisualStudioVersion = 10.0.40219.1
Project("{FAE04EC0-301F-11D3-BF4B-00C04F79EFBC}") = "PaseoExpress.Server", "PaseoExpress\Server\PaseoExpress.Server.csproj", "{C15739FB-95C2-4A8E-AD3A-7B678A5E714D}"
EndProject
Project("{FAE04EC0-301F-11D3-BF4B-00C04F79EFBC}") = "PaseoExpress.Client", "PaseoExpress\Client\PaseoExpress.Client.csproj", "{000BD13A-397A-4BFD-84A3-FDAA351FECB0}"
EndProject
Project("{FAE04EC0-301F-11D3-BF4B-00C04F79EFBC}") = "PaseoExpress.Shared", "PaseoExpress\Shared\PaseoExpress.Shared.csproj", "{25750A12-0CFC-4683-B155-586333720A16}"
EndProject
Global
	GlobalSection(SolutionConfigurationPlatforms) = preSolution
		Debug|Any CPU = Debug|Any CPU
		Release|Any CPU = Release|Any CPU
	EndGlobalSection
	GlobalSection(ProjectConfigurationPlatforms) = postSolution
		{C15739FB-95C2-4A8E-AD3A-7B678A5E714D}.Debug|Any CPU.ActiveCfg = Debug|Any CPU
		{C15739FB-95C2-4A8E-AD3A-7B678A5E714D}.Debug|Any CPU.Build.0 = Debug|Any CPU
		{C15739FB-95C2-4A8E-AD3A-7B678A5E714D}.Release|Any CPU.ActiveCfg = Release|Any CPU
		{C15739FB-95C2-4A8E-AD3A-7B678A5E714D}.Release|Any CPU.Build.0 = Release|Any CPU
		{000BD13A-397A-4BFD-84A3-FDAA351FECB0}.Debug|Any CPU.ActiveCfg = Debug|Any CPU
		{000BD13A-397A-4BFD-84A3-FDAA351FECB0}.Debug|Any CPU.Build.0 = Debug|Any CPU
		{000BD13A-397A-4BFD-84A3-FDAA351FECB0}.Release|Any CPU.ActiveCfg = Release|Any CPU
		{000BD13A-397A-4BFD-84A3-FDAA351FECB0}.Release|Any CPU.Build.0 = Release|Any CPU
		{25750A12-0CFC-4683-B155-586333720A16}.Debug|Any CPU.ActiveCfg = Debug|Any CPU
		{25750A12-0CFC-4683-B155-586333720A16}.Debug|Any CPU.Build.0 = Debug|Any CPU
		{25750A12-0CFC-4683-B155-586333720A16}.Release|Any CPU.ActiveCfg = Release|Any CPU
		{25750A12-0CFC-4683-B155-586333720A16}.Release|Any CPU.Build.0 = Release|Any CPU
	EndGlobalSection
	GlobalSection(SolutionProperties) = preSolution
		HideSolutionNode = FALSE
	EndGlobalSection
	GlobalSection(ExtensibilityGlobals) = postSolution
		SolutionGuid = {7D1882F5-5219-451B-B1E1-088125515C42}
	EndGlobalSection
EndGlobal
